
Microsoft Visual Studio Solution File, Format Version 12.00
# Visual Studio Version 17
VisualStudioVersion = 17.6.33829.357
MinimumVisualStudioVersion = 10.0.40219.1
Project("{9A19103F-16F7-4668-BE54-9A1E7A4F7556}") = "Minesweeper", "Minesweeper.csproj", "{10DE46C8-C438-4138-9FB7-640CA59619F0}"
EndProject
Project("{FAE04EC0-301F-11D3-BF4B-00C04F79EFBC}") = "MinesweeperTests", "..\MinesweeperTests\MinesweeperTests.csproj", "{C61A30D1-AD61-4C60-BB78-F3659A590FFF}"
EndProject
Global
	GlobalSection(SolutionConfigurationPlatforms) = preSolution
		Debug|Any CPU = Debug|Any CPU
		Release|Any CPU = Release|Any CPU
	EndGlobalSection
	GlobalSection(ProjectConfigurationPlatforms) = postSolution
		{10DE46C8-C438-4138-9FB7-640CA59619F0}.Debug|Any CPU.ActiveCfg = Debug|Any CPU
		{10DE46C8-C438-4138-9FB7-640CA59619F0}.Debug|Any CPU.Build.0 = Debug|Any CPU
		{10DE46C8-C438-4138-9FB7-640CA59619F0}.Release|Any CPU.ActiveCfg = Release|Any CPU
		{10DE46C8-C438-4138-9FB7-640CA59619F0}.Release|Any CPU.Build.0 = Release|Any CPU
		{C61A30D1-AD61-4C60-BB78-F3659A590FFF}.Debug|Any CPU.ActiveCfg = Debug|Any CPU
		{C61A30D1-AD61-4C60-BB78-F3659A590FFF}.Debug|Any CPU.Build.0 = Debug|Any CPU
		{C61A30D1-AD61-4C60-BB78-F3659A590FFF}.Release|Any CPU.ActiveCfg = Release|Any CPU
		{C61A30D1-AD61-4C60-BB78-F3659A590FFF}.Release|Any CPU.Build.0 = Release|Any CPU
	EndGlobalSection
	GlobalSection(SolutionProperties) = preSolution
		HideSolutionNode = FALSE
	EndGlobalSection
	GlobalSection(ExtensibilityGlobals) = postSolution
		SolutionGuid = {538E435A-0AF9-4943-9034-54BC5A1A3B43}
	EndGlobalSection
EndGlobal
